
Microsoft Visual Studio Solution File, Format Version 12.00
# Visual Studio Version 16
VisualStudioVersion = 16.0.29806.167
MinimumVisualStudioVersion = 10.0.40219.1
Project("{9A19103F-16F7-4668-BE54-9A1E7A4F7556}") = "FlightManager.Data", "FlightManager.Data\FlightManager.Data.csproj", "{241EC4B8-2A9C-44D3-8697-BD00E160F461}"
EndProject
Project("{9A19103F-16F7-4668-BE54-9A1E7A4F7556}") = "FlightManager.Models", "FlightManager.Models\FlightManager.Models.csproj", "{01754B01-081F-4072-8209-30D526C3006C}"
EndProject
Project("{2150E333-8FDC-42A3-9474-1A3956D46DE8}") = "Solution Items", "Solution Items", "{6E57B17B-9CEF-4B0D-AF55-23D9F70EACD3}"
	ProjectSection(SolutionItems) = preProject
		.editorconfig = .editorconfig
	EndProjectSection
EndProject
Project("{9A19103F-16F7-4668-BE54-9A1E7A4F7556}") = "FlightManager.Common", "FlightManager.Common\FlightManager.Common.csproj", "{125F4D2D-56ED-452A-8D71-CBD060CD84F5}"
EndProject
Project("{FAE04EC0-301F-11D3-BF4B-00C04F79EFBC}") = "FlightManager.InputModels", "FlightManager.InputModels\FlightManager.InputModels.csproj", "{373C57E1-2CB6-4275-A1C7-DC0C7B61ECFF}"
EndProject
Project("{FAE04EC0-301F-11D3-BF4B-00C04F79EFBC}") = "FlightManager.ViewModels", "FlightManager.ViewModels\FlightManager.ViewModels.csproj", "{6E3A421F-5BA2-4F9A-A7A9-CFFAD84DB8D5}"
EndProject
Project("{FAE04EC0-301F-11D3-BF4B-00C04F79EFBC}") = "FlightManager.Web", "FlightManager.Web\FlightManager.Web.csproj", "{E342139E-9EE9-42A1-A470-A65DD63E3696}"
EndProject
Global
	GlobalSection(SolutionConfigurationPlatforms) = preSolution
		Debug|Any CPU = Debug|Any CPU
		Release|Any CPU = Release|Any CPU
	EndGlobalSection
	GlobalSection(ProjectConfigurationPlatforms) = postSolution
		{241EC4B8-2A9C-44D3-8697-BD00E160F461}.Debug|Any CPU.ActiveCfg = Debug|Any CPU
		{241EC4B8-2A9C-44D3-8697-BD00E160F461}.Debug|Any CPU.Build.0 = Debug|Any CPU
		{241EC4B8-2A9C-44D3-8697-BD00E160F461}.Release|Any CPU.ActiveCfg = Release|Any CPU
		{241EC4B8-2A9C-44D3-8697-BD00E160F461}.Release|Any CPU.Build.0 = Release|Any CPU
		{01754B01-081F-4072-8209-30D526C3006C}.Debug|Any CPU.ActiveCfg = Debug|Any CPU
		{01754B01-081F-4072-8209-30D526C3006C}.Debug|Any CPU.Build.0 = Debug|Any CPU
		{01754B01-081F-4072-8209-30D526C3006C}.Release|Any CPU.ActiveCfg = Release|Any CPU
		{01754B01-081F-4072-8209-30D526C3006C}.Release|Any CPU.Build.0 = Release|Any CPU
		{125F4D2D-56ED-452A-8D71-CBD060CD84F5}.Debug|Any CPU.ActiveCfg = Debug|Any CPU
		{125F4D2D-56ED-452A-8D71-CBD060CD84F5}.Debug|Any CPU.Build.0 = Debug|Any CPU
		{125F4D2D-56ED-452A-8D71-CBD060CD84F5}.Release|Any CPU.ActiveCfg = Release|Any CPU
		{125F4D2D-56ED-452A-8D71-CBD060CD84F5}.Release|Any CPU.Build.0 = Release|Any CPU
		{373C57E1-2CB6-4275-A1C7-DC0C7B61ECFF}.Debug|Any CPU.ActiveCfg = Debug|Any CPU
		{373C57E1-2CB6-4275-A1C7-DC0C7B61ECFF}.Debug|Any CPU.Build.0 = Debug|Any CPU
		{373C57E1-2CB6-4275-A1C7-DC0C7B61ECFF}.Release|Any CPU.ActiveCfg = Release|Any CPU
		{373C57E1-2CB6-4275-A1C7-DC0C7B61ECFF}.Release|Any CPU.Build.0 = Release|Any CPU
		{6E3A421F-5BA2-4F9A-A7A9-CFFAD84DB8D5}.Debug|Any CPU.ActiveCfg = Debug|Any CPU
		{6E3A421F-5BA2-4F9A-A7A9-CFFAD84DB8D5}.Debug|Any CPU.Build.0 = Debug|Any CPU
		{6E3A421F-5BA2-4F9A-A7A9-CFFAD84DB8D5}.Release|Any CPU.ActiveCfg = Release|Any CPU
		{6E3A421F-5BA2-4F9A-A7A9-CFFAD84DB8D5}.Release|Any CPU.Build.0 = Release|Any CPU
		{E342139E-9EE9-42A1-A470-A65DD63E3696}.Debug|Any CPU.ActiveCfg = Debug|Any CPU
		{E342139E-9EE9-42A1-A470-A65DD63E3696}.Debug|Any CPU.Build.0 = Debug|Any CPU
		{E342139E-9EE9-42A1-A470-A65DD63E3696}.Release|Any CPU.ActiveCfg = Release|Any CPU
		{E342139E-9EE9-42A1-A470-A65DD63E3696}.Release|Any CPU.Build.0 = Release|Any CPU
	EndGlobalSection
	GlobalSection(SolutionProperties) = preSolution
		HideSolutionNode = FALSE
	EndGlobalSection
	GlobalSection(ExtensibilityGlobals) = postSolution
		SolutionGuid = {D7D5F74F-BBE0-4A46-AC01-D0846B58CB6F}
	EndGlobalSection
EndGlobal
